
Microsoft Visual Studio Solution File, Format Version 12.00
# Visual Studio Version 16
VisualStudioVersion = 16.0.30621.155
MinimumVisualStudioVersion = 10.0.40219.1
Project("{888888A0-9F3D-457C-B088-3A5042F75D52}") = "賽爾號", "賽爾號.pyproj", "{53050411-08AE-4464-8917-E4C2BB777CEF}"
EndProject
Global
	GlobalSection(SolutionConfigurationPlatforms) = preSolution
		Debug|Any CPU = Debug|Any CPU
		Release|Any CPU = Release|Any CPU
	EndGlobalSection
	GlobalSection(ProjectConfigurationPlatforms) = postSolution
		{53050411-08AE-4464-8917-E4C2BB777CEF}.Debug|Any CPU.ActiveCfg = Debug|Any CPU
		{53050411-08AE-4464-8917-E4C2BB777CEF}.Release|Any CPU.ActiveCfg = Release|Any CPU
	EndGlobalSection
	GlobalSection(SolutionProperties) = preSolution
		HideSolutionNode = FALSE
	EndGlobalSection
	GlobalSection(ExtensibilityGlobals) = postSolution
		SolutionGuid = {25986C24-8F83-4908-8246-5DCB48A78BF8}
	EndGlobalSection
EndGlobal
